{
  "nodes": {
    "flake-parts": {
      "inputs": {
        "nixpkgs-lib": [
          "nixpkgs"
        ]
      },
      "locked": {
        "lastModified": 1725234343,
        "narHash": "sha256-+ebgonl3NbiKD2UD0x4BszCZQ6sTfL4xioaM49o5B3Y=",
        "owner": "hercules-ci",
        "repo": "flake-parts",
        "rev": "567b938d64d4b4112ee253b9274472dc3a346eb6",
        "type": "github"
      },
      "original": {
        "owner": "hercules-ci",
        "repo": "flake-parts",
        "type": "github"
      }
    },
    "gerard-bauzil": {
      "inputs": {
        "flake-parts": [
          "flake-parts"
        ],
        "nixpkgs": [
          "nixpkgs"
        ]
      },
      "locked": {
        "lastModified": 1725296028,
        "narHash": "sha256-cm8gsWKWPY6kUv6d3V19dICwMUU4qMTRKRQns2pGNf0=",
        "owner": "gepetto",
        "repo": "gerard-bauzil",
        "rev": "0f17529d385c72edfddf8ab2c7271235e6ca786b",
        "type": "github"
      },
      "original": {
        "owner": "gepetto",
        "ref": "devel",
        "repo": "gerard-bauzil",
        "type": "github"
      }
    },
    "gtsp-laas": {
      "inputs": {
        "flake-parts": [
          "flake-parts"
        ],
        "nixpkgs": [
          "nixpkgs"
        ]
      },
      "locked": {
        "lastModified": 1725293653,
        "narHash": "sha256-iGOlC36EOJ4/6lTgWgSUFaC9a9CiMkTauzlbU6eWmnU=",
        "ref": "nix",
        "rev": "41b6545ac3aa96790c942e2db81885362138f9d0",
        "revCount": 20,
        "type": "git",
        "url": "https://gitlab.laas.fr/gsaurel/gtsp-laas"
      },
      "original": {
        "ref": "nix",
        "type": "git",
        "url": "https://gitlab.laas.fr/gsaurel/gtsp-laas"
      }
    },
    "hpp-task-sequencing": {
      "inputs": {
        "flake-parts": [
          "flake-parts"
        ],
        "nixpkgs": [
          "nixpkgs"
        ]
      },
      "locked": {
        "lastModified": 1725293125,
        "narHash": "sha256-4gyp6modUOg/JZfBmRs9YSPvWVrhgXRZW950iPr0e4A=",
        "owner": "nim65s",
        "repo": "hpp-task-sequencing",
        "rev": "e7fc38ba0cb60d7b79439635285053dbe4dc7e8e",
        "type": "github"
      },
      "original": {
        "owner": "nim65s",
        "ref": "nix",
        "repo": "hpp-task-sequencing",
        "type": "github"
      }
    },
    "nixpkgs": {
      "locked": {
        "lastModified": 1725366938,
        "narHash": "sha256-zCZ7SMokb/2PIQRu1Ry0L7CgthRTAfRQr8oOGmz/FA0=",
        "owner": "gepetto",
        "repo": "nixpkgs",
        "rev": "f97a32e002cfb291e86557215d0b70e5c507f2c5",
        "type": "github"
      },
      "original": {
        "owner": "gepetto",
        "ref": "gv",
        "repo": "nixpkgs",
        "type": "github"
      }
    },
    "root": {
      "inputs": {
        "flake-parts": "flake-parts",
        "gerard-bauzil": "gerard-bauzil",
        "gtsp-laas": "gtsp-laas",
        "hpp-task-sequencing": "hpp-task-sequencing",
        "nixpkgs": "nixpkgs"
      }
    }
  },
  "root": "root",
  "version": 7
}
